PODS:
  - BonMot (5.2)
  - Crashlytics (3.10.5):
    - Fabric (~> 1.7.9)
  - Fabric (1.7.9)
  - Firebase/Core (5.4.1):
    - Firebase/CoreOnly
    - FirebaseAnalytics (= 5.0.1)
  - Firebase/CoreOnly (5.4.1):
    - FirebaseCore (= 5.0.6)
  - FirebaseAnalytics (5.0.1):
    - FirebaseCore (~> 5.0)
    - FirebaseInstanceID (~> 3.0)
    - "GoogleToolboxForMac/NSData+zlib (~> 2.1)"
    - nanopb (~> 0.3)
  - FirebaseCore (5.0.6):
    - "GoogleToolboxForMac/NSData+zlib (~> 2.1)"
  - FirebaseInstanceID (3.1.1):
    - FirebaseCore (~> 5.0)
  - FontAwesomeKit (2.2.1):
    - FontAwesomeKit/Core (= 2.2.1)
    - FontAwesomeKit/FontAwesome (= 2.2.1)
    - FontAwesomeKit/FoundationIcons (= 2.2.1)
    - FontAwesomeKit/IonIcons (= 2.2.1)
    - FontAwesomeKit/Material (= 2.2.1)
    - FontAwesomeKit/Octicons (= 2.2.1)
    - FontAwesomeKit/Zocial (= 2.2.1)
  - FontAwesomeKit/Core (2.2.1)
  - FontAwesomeKit/FontAwesome (2.2.1):
    - FontAwesomeKit/Core
  - FontAwesomeKit/FoundationIcons (2.2.1):
    - FontAwesomeKit/Core
  - FontAwesomeKit/IonIcons (2.2.1):
    - FontAwesomeKit/Core
  - FontAwesomeKit/Material (2.2.1):
    - FontAwesomeKit/Core
  - FontAwesomeKit/Octicons (2.2.1):
    - FontAwesomeKit/Core
  - FontAwesomeKit/Zocial (2.2.1):
    - FontAwesomeKit/Core
  - GoogleToolboxForMac/Defines (2.1.4)
  - "GoogleToolboxForMac/NSData+zlib (2.1.4)":
    - GoogleToolboxForMac/Defines (= 2.1.4)
  - LicensePlist (1.8.3)
  - nanopb (0.3.8):
    - nanopb/decode (= 0.3.8)
    - nanopb/encode (= 0.3.8)
  - nanopb/decode (0.3.8)
  - nanopb/encode (0.3.8)
  - Nimble (7.1.3)
  - Quick (1.3.1)
  - R.swift (4.0.0):
    - R.swift.Library (~> 4.0.0)
  - R.swift.Library (4.0.0)
  - Reveal-SDK (16)
  - SwiftLint (0.26.0)
  - SwiftyBeaver (1.6.0)
  - SwiftyUserDefaults (3.0.1)
  - Unbox (3.0.0)
  - Wrap (3.0.0)

DEPENDENCIES:
  - BonMot
  - Crashlytics
  - Fabric
  - Firebase/Core
  - FontAwesomeKit
  - LicensePlist
  - Nimble
  - Quick
  - R.swift
  - Reveal-SDK
  - SwiftLint
  - SwiftyBeaver
  - SwiftyUserDefaults
  - Unbox
  - Wrap

SPEC REPOS:
  https://github.com/cocoapods/specs.git:
    - BonMot
    - Crashlytics
    - Fabric
    - Firebase
    - FirebaseAnalytics
    - FirebaseCore
    - FirebaseInstanceID
    - FontAwesomeKit
    - GoogleToolboxForMac
    - LicensePlist
    - nanopb
    - Nimble
    - Quick
    - R.swift
    - R.swift.Library
    - Reveal-SDK
    - SwiftLint
    - SwiftyBeaver
    - SwiftyUserDefaults
    - Unbox
    - Wrap

SPEC CHECKSUMS:
  BonMot: 68da0bd7c2f602aca85511bedabd211eb0fae666
  Crashlytics: 7f2e38d302d9da96475b3d64d86fb29e31a542b7
  Fabric: a2917d3895e4c1569b9c3170de7320ea1b1e6661
  Firebase: 355bd535bfdacaa82a7fe8d9784115edefd6fc03
  FirebaseAnalytics: b3628aea54c50464c32c393fb2ea032566e7ecc2
  FirebaseCore: 4c28e3b9708ba48a765e76515f913a71596eb5dd
  FirebaseInstanceID: f3f0657372592ecdfdfe2cac604a5a75758376a6
  FontAwesomeKit: 3614979b3dbb0ec3f7fac1bd760b91f66c31db67
  GoogleToolboxForMac: 91c824d21e85b31c2aae9bb011c5027c9b4e738f
  LicensePlist: 3fda61ebe060afc8fc6d995df34a91401af5a244
  nanopb: 5601e6bca2dbf1ed831b519092ec110f66982ca3
  Nimble: 2839b01d1b31f6a6a7777a221f0d91cf52e8e27b
  Quick: d17304d58d0d169dd0bd1c6e5c28e3318de32a1a
  R.swift: d6a5ec2f55a8441dc0ed9f1f8b37d7d11ae85c66
  R.swift.Library: c3af34921024333546e23b70e70d0b4e0cffca75
  Reveal-SDK: ed36bdbb3cbf90b94ae5da0dbcb3c7ae6738c51f
  SwiftLint: f6b83e8d95ee1e91e11932d843af4fdcbf3fc764
  SwiftyBeaver: e45759613e50b522b0e6f53b1f0f14389b45ca34
  SwiftyUserDefaults: 3d273b1739b68ada3145dc754a70ec775bc5c8be
  Unbox: 9ed33b2a31f7a8a049f54b94d40c4a52a28c4d9d
  Wrap: 918fdb5157e4f701f9503b2633752d6f94616f84

PODFILE CHECKSUM: fefaca2cb7b09c22ff1664d6ef835d13e9e12c3e

COCOAPODS: 1.5.3
