// !$*UTF8*$!
{
	archiveVersion = 1;
	classes = {
	};
	objectVersion = 50;
	objects = {

/* Begin PBXBuildFile section */
		2B9E41B94CAB6D37FE471266 /* Pods_gourmetsearch.framework in Frameworks */ = {isa = PBXBuildFile; fileRef = A15D9C098A3654F4AA24E86E /* Pods_gourmetsearch.framework */; };
		464058E7210EBD1C005A4991 /* GoogleService-Info-Release.plist in Resources */ = {isa = PBXBuildFile; fileRef = 464058E5210EBD1B005A4991 /* GoogleService-Info-Release.plist */; };
		464058E8210EBD1C005A4991 /* GoogleService-Info-Debug.plist in Resources */ = {isa = PBXBuildFile; fileRef = 464058E6210EBD1B005A4991 /* GoogleService-Info-Debug.plist */; };
		4658D2F2210DB51C00C6BA72 /* Assets.xcassets in Resources */ = {isa = PBXBuildFile; fileRef = 4658D2F1210DB51C00C6BA72 /* Assets.xcassets */; };
		4658D2F5210DB51C00C6BA72 /* LaunchScreen.storyboard in Resources */ = {isa = PBXBuildFile; fileRef = 4658D2F3210DB51C00C6BA72 /* LaunchScreen.storyboard */; };
		4658D300210DB51C00C6BA72 /* gourmetsearchTests.swift in Sources */ = {isa = PBXBuildFile; fileRef = 4658D2FF210DB51C00C6BA72 /* gourmetsearchTests.swift */; };
		4658D327210DC33D00C6BA72 /* AppDelegate.swift in Sources */ = {isa = PBXBuildFile; fileRef = 4658D31B210DC33D00C6BA72 /* AppDelegate.swift */; };
		4658D32C210DFD2B00C6BA72 /* Settings.bundle in Resources */ = {isa = PBXBuildFile; fileRef = 4658D32B210DFD2B00C6BA72 /* Settings.bundle */; };
		4675371B2110078B00E24845 /* MainTabBarController.swift in Sources */ = {isa = PBXBuildFile; fileRef = 4675371A2110078B00E24845 /* MainTabBarController.swift */; };
		4675372221104A8600E24845 /* SwiftyBeaverUtil.swift in Sources */ = {isa = PBXBuildFile; fileRef = 4675372021104A8600E24845 /* SwiftyBeaverUtil.swift */; };
		4675372321104A8600E24845 /* SwiftyUserDefaultsUtil.swift in Sources */ = {isa = PBXBuildFile; fileRef = 4675372121104A8600E24845 /* SwiftyUserDefaultsUtil.swift */; };
		4675372D21104AF800E24845 /* MyPageViewController.swift in Sources */ = {isa = PBXBuildFile; fileRef = 4675372521104AF800E24845 /* MyPageViewController.swift */; };
		4675372E21104AF800E24845 /* SettingViewController.swift in Sources */ = {isa = PBXBuildFile; fileRef = 4675372721104AF800E24845 /* SettingViewController.swift */; };
		4675372F21104AF800E24845 /* ResultMapViewController.swift in Sources */ = {isa = PBXBuildFile; fileRef = 4675372921104AF800E24845 /* ResultMapViewController.swift */; };
		4675373021104AF800E24845 /* SearchViewController.swift in Sources */ = {isa = PBXBuildFile; fileRef = 4675372A21104AF800E24845 /* SearchViewController.swift */; };
		4675373121104AF800E24845 /* ResultViewController.swift in Sources */ = {isa = PBXBuildFile; fileRef = 4675372B21104AF800E24845 /* ResultViewController.swift */; };
		4675373221104AF800E24845 /* ResultListViewController.swift in Sources */ = {isa = PBXBuildFile; fileRef = 4675372C21104AF800E24845 /* ResultListViewController.swift */; };
		4675373421104BB200E24845 /* HistoryViewController.swift in Sources */ = {isa = PBXBuildFile; fileRef = 4675373321104BB200E24845 /* HistoryViewController.swift */; };
		4675373621104BBF00E24845 /* FavoriteViewController.swift in Sources */ = {isa = PBXBuildFile; fileRef = 4675373521104BBF00E24845 /* FavoriteViewController.swift */; };
		4675373821104F3100E24845 /* DetailViewController.swift in Sources */ = {isa = PBXBuildFile; fileRef = 4675373721104F3100E24845 /* DetailViewController.swift */; };
		4675373A21104F5500E24845 /* ContentViewController.swift in Sources */ = {isa = PBXBuildFile; fileRef = 4675373921104F5500E24845 /* ContentViewController.swift */; };
		4675373C211050A600E24845 /* Consts.swift in Sources */ = {isa = PBXBuildFile; fileRef = 4675373B211050A600E24845 /* Consts.swift */; };
		46928B8F210E93FA0059B41F /* R.generated.swift in Sources */ = {isa = PBXBuildFile; fileRef = 46928B8E210E93F90059B41F /* R.generated.swift */; };
		46D418902143888A006675DC /* NotificationInitializer.swift in Sources */ = {isa = PBXBuildFile; fileRef = 46D4188F2143888A006675DC /* NotificationInitializer.swift */; };
		46D4189821439011006675DC /* NotificationService.swift in Sources */ = {isa = PBXBuildFile; fileRef = 46D4189721439011006675DC /* NotificationService.swift */; };
		46D4189C21439011006675DC /* gourmetsearch nortification.appex in Embed App Extensions */ = {isa = PBXBuildFile; fileRef = 46D4189521439011006675DC /* gourmetsearch nortification.appex */; settings = {ATTRIBUTES = (RemoveHeadersOnCopy, ); }; };
		C01AA70123E4105E4D181A3F /* Pods_gourmetsearchTests.framework in Frameworks */ = {isa = PBXBuildFile; fileRef = A53A1635EB646AD27B2E598F /* Pods_gourmetsearchTests.framework */; };
		D1BE747B8CB40166CB71465D /* Pods_gourmetsearch_nortification.framework in Frameworks */ = {isa = PBXBuildFile; fileRef = F18C12DF3052F38F09F2FD96 /* Pods_gourmetsearch_nortification.framework */; };
/* End PBXBuildFile section */

/* Begin PBXContainerItemProxy section */
		4658D2FC210DB51C00C6BA72 /* PBXContainerItemProxy */ = {
			isa = PBXContainerItemProxy;
			containerPortal = 4658D2DF210DB51A00C6BA72 /* Project object */;
			proxyType = 1;
			remoteGlobalIDString = 4658D2E6210DB51A00C6BA72;
			remoteInfo = gourmetsearch;
		};
		46D4189A21439011006675DC /* PBXContainerItemProxy */ = {
			isa = PBXContainerItemProxy;
			containerPortal = 4658D2DF210DB51A00C6BA72 /* Project object */;
			proxyType = 1;
			remoteGlobalIDString = 46D4189421439011006675DC;
			remoteInfo = "gourmetsearch nortification";
		};
/* End PBXContainerItemProxy section */

/* Begin PBXCopyFilesBuildPhase section */
		46D418A021439011006675DC /* Embed App Extensions */ = {
			isa = PBXCopyFilesBuildPhase;
			buildActionMask = 2147483647;
			dstPath = "";
			dstSubfolderSpec = 13;
			files = (
				46D4189C21439011006675DC /* gourmetsearch nortification.appex in Embed App Extensions */,
			);
			name = "Embed App Extensions";
			runOnlyForDeploymentPostprocessing = 0;
		};
/* End PBXCopyFilesBuildPhase section */

/* Begin PBXFileReference section */
		005C8890074FC0556A8A702C /* Pods-gourmetsearch nortification.debug.xcconfig */ = {isa = PBXFileReference; includeInIndex = 1; lastKnownFileType = text.xcconfig; name = "Pods-gourmetsearch nortification.debug.xcconfig"; path = "Pods/Target Support Files/Pods-gourmetsearch nortification/Pods-gourmetsearch nortification.debug.xcconfig"; sourceTree = "<group>"; };
		18E68F3351BF7204755906DF /* Pods-gourmetsearch.release.xcconfig */ = {isa = PBXFileReference; includeInIndex = 1; lastKnownFileType = text.xcconfig; name = "Pods-gourmetsearch.release.xcconfig"; path = "Pods/Target Support Files/Pods-gourmetsearch/Pods-gourmetsearch.release.xcconfig"; sourceTree = "<group>"; };
		24DD0A18F4CBF3A41CCAF17F /* Pods-gourmetsearch.debug.xcconfig */ = {isa = PBXFileReference; includeInIndex = 1; lastKnownFileType = text.xcconfig; name = "Pods-gourmetsearch.debug.xcconfig"; path = "Pods/Target Support Files/Pods-gourmetsearch/Pods-gourmetsearch.debug.xcconfig"; sourceTree = "<group>"; };
		464058E5210EBD1B005A4991 /* GoogleService-Info-Release.plist */ = {isa = PBXFileReference; fileEncoding = 4; lastKnownFileType = text.plist.xml; path = "GoogleService-Info-Release.plist"; sourceTree = "<group>"; };
		464058E6210EBD1B005A4991 /* GoogleService-Info-Debug.plist */ = {isa = PBXFileReference; fileEncoding = 4; lastKnownFileType = text.plist.xml; path = "GoogleService-Info-Debug.plist"; sourceTree = "<group>"; };
		4658D2E7210DB51A00C6BA72 /* [dev]gourmetsearch.app */ = {isa = PBXFileReference; explicitFileType = wrapper.application; includeInIndex = 0; path = "[dev]gourmetsearch.app"; sourceTree = BUILT_PRODUCTS_DIR; };
		4658D2F1210DB51C00C6BA72 /* Assets.xcassets */ = {isa = PBXFileReference; lastKnownFileType = folder.assetcatalog; path = Assets.xcassets; sourceTree = "<group>"; };
		4658D2F4210DB51C00C6BA72 /* Base */ = {isa = PBXFileReference; lastKnownFileType = file.storyboard; name = Base; path = Base.lproj/LaunchScreen.storyboard; sourceTree = "<group>"; };
		4658D2FB210DB51C00C6BA72 /* gourmetsearchTests.xctest */ = {isa = PBXFileReference; explicitFileType = wrapper.cfbundle; includeInIndex = 0; path = gourmetsearchTests.xctest; sourceTree = BUILT_PRODUCTS_DIR; };
		4658D2FF210DB51C00C6BA72 /* gourmetsearchTests.swift */ = {isa = PBXFileReference; lastKnownFileType = sourcecode.swift; path = gourmetsearchTests.swift; sourceTree = "<group>"; };
		4658D301210DB51D00C6BA72 /* Info.plist */ = {isa = PBXFileReference; lastKnownFileType = text.plist.xml; path = Info.plist; sourceTree = "<group>"; };
		4658D30B210DC33D00C6BA72 /* Info.plist */ = {isa = PBXFileReference; fileEncoding = 4; lastKnownFileType = text.plist.xml; path = Info.plist; sourceTree = "<group>"; };
		4658D31B210DC33D00C6BA72 /* AppDelegate.swift */ = {isa = PBXFileReference; fileEncoding = 4; lastKnownFileType = sourcecode.swift; path = AppDelegate.swift; sourceTree = "<group>"; };
		4658D32B210DFD2B00C6BA72 /* Settings.bundle */ = {isa = PBXFileReference; lastKnownFileType = "wrapper.plug-in"; path = Settings.bundle; sourceTree = "<group>"; };
		4675371A2110078B00E24845 /* MainTabBarController.swift */ = {isa = PBXFileReference; lastKnownFileType = sourcecode.swift; path = MainTabBarController.swift; sourceTree = "<group>"; };
		4675372021104A8600E24845 /* SwiftyBeaverUtil.swift */ = {isa = PBXFileReference; fileEncoding = 4; lastKnownFileType = sourcecode.swift; path = SwiftyBeaverUtil.swift; sourceTree = "<group>"; };
		4675372121104A8600E24845 /* SwiftyUserDefaultsUtil.swift */ = {isa = PBXFileReference; fileEncoding = 4; lastKnownFileType = sourcecode.swift; path = SwiftyUserDefaultsUtil.swift; sourceTree = "<group>"; };
		4675372521104AF800E24845 /* MyPageViewController.swift */ = {isa = PBXFileReference; fileEncoding = 4; lastKnownFileType = sourcecode.swift; path = MyPageViewController.swift; sourceTree = "<group>"; };
		4675372721104AF800E24845 /* SettingViewController.swift */ = {isa = PBXFileReference; fileEncoding = 4; lastKnownFileType = sourcecode.swift; path = SettingViewController.swift; sourceTree = "<group>"; };
		4675372921104AF800E24845 /* ResultMapViewController.swift */ = {isa = PBXFileReference; fileEncoding = 4; lastKnownFileType = sourcecode.swift; path = ResultMapViewController.swift; sourceTree = "<group>"; };
		4675372A21104AF800E24845 /* SearchViewController.swift */ = {isa = PBXFileReference; fileEncoding = 4; lastKnownFileType = sourcecode.swift; path = SearchViewController.swift; sourceTree = "<group>"; };
		4675372B21104AF800E24845 /* ResultViewController.swift */ = {isa = PBXFileReference; fileEncoding = 4; lastKnownFileType = sourcecode.swift; path = ResultViewController.swift; sourceTree = "<group>"; };
		4675372C21104AF800E24845 /* ResultListViewController.swift */ = {isa = PBXFileReference; fileEncoding = 4; lastKnownFileType = sourcecode.swift; path = ResultListViewController.swift; sourceTree = "<group>"; };
		4675373321104BB200E24845 /* HistoryViewController.swift */ = {isa = PBXFileReference; lastKnownFileType = sourcecode.swift; path = HistoryViewController.swift; sourceTree = "<group>"; };
		4675373521104BBF00E24845 /* FavoriteViewController.swift */ = {isa = PBXFileReference; lastKnownFileType = sourcecode.swift; path = FavoriteViewController.swift; sourceTree = "<group>"; };
		4675373721104F3100E24845 /* DetailViewController.swift */ = {isa = PBXFileReference; lastKnownFileType = sourcecode.swift; path = DetailViewController.swift; sourceTree = "<group>"; };
		4675373921104F5500E24845 /* ContentViewController.swift */ = {isa = PBXFileReference; lastKnownFileType = sourcecode.swift; path = ContentViewController.swift; sourceTree = "<group>"; };
		4675373B211050A600E24845 /* Consts.swift */ = {isa = PBXFileReference; lastKnownFileType = sourcecode.swift; path = Consts.swift; sourceTree = "<group>"; };
		46928B8E210E93F90059B41F /* R.generated.swift */ = {isa = PBXFileReference; fileEncoding = 4; lastKnownFileType = sourcecode.swift; path = R.generated.swift; sourceTree = "<group>"; };
		46D4188E21437F41006675DC /* [dev]gourmetsearch.entitlements */ = {isa = PBXFileReference; lastKnownFileType = text.plist.entitlements; path = "[dev]gourmetsearch.entitlements"; sourceTree = "<group>"; };
		46D4188F2143888A006675DC /* NotificationInitializer.swift */ = {isa = PBXFileReference; lastKnownFileType = sourcecode.swift; path = NotificationInitializer.swift; sourceTree = "<group>"; };
		46D4189521439011006675DC /* gourmetsearch nortification.appex */ = {isa = PBXFileReference; explicitFileType = "wrapper.app-extension"; includeInIndex = 0; path = "gourmetsearch nortification.appex"; sourceTree = BUILT_PRODUCTS_DIR; };
		46D4189721439011006675DC /* NotificationService.swift */ = {isa = PBXFileReference; lastKnownFileType = sourcecode.swift; path = NotificationService.swift; sourceTree = "<group>"; };
		46D4189921439011006675DC /* Info.plist */ = {isa = PBXFileReference; lastKnownFileType = text.plist.xml; path = Info.plist; sourceTree = "<group>"; };
		4795F3B40F0A760628F64D55 /* Pods-gourmetsearchTests.release.xcconfig */ = {isa = PBXFileReference; includeInIndex = 1; lastKnownFileType = text.xcconfig; name = "Pods-gourmetsearchTests.release.xcconfig"; path = "Pods/Target Support Files/Pods-gourmetsearchTests/Pods-gourmetsearchTests.release.xcconfig"; sourceTree = "<group>"; };
		5191CC155973C142CFE2233F /* Pods-gourmetsearch nortification.release.xcconfig */ = {isa = PBXFileReference; includeInIndex = 1; lastKnownFileType = text.xcconfig; name = "Pods-gourmetsearch nortification.release.xcconfig"; path = "Pods/Target Support Files/Pods-gourmetsearch nortification/Pods-gourmetsearch nortification.release.xcconfig"; sourceTree = "<group>"; };
		A15D9C098A3654F4AA24E86E /* Pods_gourmetsearch.framework */ = {isa = PBXFileReference; explicitFileType = wrapper.framework; includeInIndex = 0; path = Pods_gourmetsearch.framework; sourceTree = BUILT_PRODUCTS_DIR; };
		A53A1635EB646AD27B2E598F /* Pods_gourmetsearchTests.framework */ = {isa = PBXFileReference; explicitFileType = wrapper.framework; includeInIndex = 0; path = Pods_gourmetsearchTests.framework; sourceTree = BUILT_PRODUCTS_DIR; };
		B5FDE91825E7B6F77922CBA3 /* Pods-gourmetsearchTests.debug.xcconfig */ = {isa = PBXFileReference; includeInIndex = 1; lastKnownFileType = text.xcconfig; name = "Pods-gourmetsearchTests.debug.xcconfig"; path = "Pods/Target Support Files/Pods-gourmetsearchTests/Pods-gourmetsearchTests.debug.xcconfig"; sourceTree = "<group>"; };
		F18C12DF3052F38F09F2FD96 /* Pods_gourmetsearch_nortification.framework */ = {isa = PBXFileReference; explicitFileType = wrapper.framework; includeInIndex = 0; path = Pods_gourmetsearch_nortification.framework; sourceTree = BUILT_PRODUCTS_DIR; };
/* End PBXFileReference section */

/* Begin PBXFrameworksBuildPhase section */
		4658D2E4210DB51A00C6BA72 /* Frameworks */ = {
			isa = PBXFrameworksBuildPhase;
			buildActionMask = 2147483647;
			files = (
				2B9E41B94CAB6D37FE471266 /* Pods_gourmetsearch.framework in Frameworks */,
			);
			runOnlyForDeploymentPostprocessing = 0;
		};
		4658D2F8210DB51C00C6BA72 /* Frameworks */ = {
			isa = PBXFrameworksBuildPhase;
			buildActionMask = 2147483647;
			files = (
				C01AA70123E4105E4D181A3F /* Pods_gourmetsearchTests.framework in Frameworks */,
			);
			runOnlyForDeploymentPostprocessing = 0;
		};
		46D4189221439011006675DC /* Frameworks */ = {
			isa = PBXFrameworksBuildPhase;
			buildActionMask = 2147483647;
			files = (
				D1BE747B8CB40166CB71465D /* Pods_gourmetsearch_nortification.framework in Frameworks */,
			);
			runOnlyForDeploymentPostprocessing = 0;
		};
/* End PBXFrameworksBuildPhase section */

/* Begin PBXGroup section */
		0F224F903FA01E1A748F7865 /* Pods */ = {
			isa = PBXGroup;
			children = (
				24DD0A18F4CBF3A41CCAF17F /* Pods-gourmetsearch.debug.xcconfig */,
				18E68F3351BF7204755906DF /* Pods-gourmetsearch.release.xcconfig */,
				B5FDE91825E7B6F77922CBA3 /* Pods-gourmetsearchTests.debug.xcconfig */,
				4795F3B40F0A760628F64D55 /* Pods-gourmetsearchTests.release.xcconfig */,
				005C8890074FC0556A8A702C /* Pods-gourmetsearch nortification.debug.xcconfig */,
				5191CC155973C142CFE2233F /* Pods-gourmetsearch nortification.release.xcconfig */,
			);
			name = Pods;
			sourceTree = "<group>";
		};
		4658D2DE210DB51A00C6BA72 = {
			isa = PBXGroup;
			children = (
				4658D2E9210DB51A00C6BA72 /* gourmetsearch */,
				4658D2FE210DB51C00C6BA72 /* gourmetsearchTests */,
				46D4189621439011006675DC /* gourmetsearch nortification */,
				4658D2E8210DB51A00C6BA72 /* Products */,
				0F224F903FA01E1A748F7865 /* Pods */,
				83EC8D2A08A8297A1509D321 /* Frameworks */,
			);
			sourceTree = "<group>";
		};
		4658D2E8210DB51A00C6BA72 /* Products */ = {
			isa = PBXGroup;
			children = (
				4658D2E7210DB51A00C6BA72 /* [dev]gourmetsearch.app */,
				4658D2FB210DB51C00C6BA72 /* gourmetsearchTests.xctest */,
				46D4189521439011006675DC /* gourmetsearch nortification.appex */,
			);
			name = Products;
			sourceTree = "<group>";
		};
		4658D2E9210DB51A00C6BA72 /* gourmetsearch */ = {
			isa = PBXGroup;
			children = (
				4658D30C210DC33D00C6BA72 /* Sources */,
				4658D324210DC33D00C6BA72 /* Resources */,
				4658D30A210DC33D00C6BA72 /* Supporting Files */,
				4658D2F1210DB51C00C6BA72 /* Assets.xcassets */,
				4658D2F3210DB51C00C6BA72 /* LaunchScreen.storyboard */,
			);
			path = gourmetsearch;
			sourceTree = "<group>";
		};
		4658D2FE210DB51C00C6BA72 /* gourmetsearchTests */ = {
			isa = PBXGroup;
			children = (
				4658D2FF210DB51C00C6BA72 /* gourmetsearchTests.swift */,
				4658D301210DB51D00C6BA72 /* Info.plist */,
			);
			path = gourmetsearchTests;
			sourceTree = "<group>";
		};
		4658D30A210DC33D00C6BA72 /* Supporting Files */ = {
			isa = PBXGroup;
			children = (
				46D4188E21437F41006675DC /* [dev]gourmetsearch.entitlements */,
				4658D30B210DC33D00C6BA72 /* Info.plist */,
				464058E6210EBD1B005A4991 /* GoogleService-Info-Debug.plist */,
				464058E5210EBD1B005A4991 /* GoogleService-Info-Release.plist */,
				46928B8E210E93F90059B41F /* R.generated.swift */,
				4658D32B210DFD2B00C6BA72 /* Settings.bundle */,
			);
			path = "Supporting Files";
			sourceTree = "<group>";
		};
		4658D30C210DC33D00C6BA72 /* Sources */ = {
			isa = PBXGroup;
			children = (
				4658D312210DC33D00C6BA72 /* Defines */,
				4658D320210DC33D00C6BA72 /* Entities */,
				4658D31C210DC33D00C6BA72 /* Usecases */,
				4658D313210DC33D00C6BA72 /* Adaptors */,
				4658D30D210DC33D00C6BA72 /* Externals */,
				4658D31B210DC33D00C6BA72 /* AppDelegate.swift */,
			);
			path = Sources;
			sourceTree = "<group>";
		};
		4658D30D210DC33D00C6BA72 /* Externals */ = {
			isa = PBXGroup;
			children = (
				4658D30E210DC33D00C6BA72 /* View */,
				4658D311210DC33D00C6BA72 /* Modules */,
			);
			path = Externals;
			sourceTree = "<group>";
		};
		4658D30E210DC33D00C6BA72 /* View */ = {
			isa = PBXGroup;
			children = (
				4658D30F210DC33D00C6BA72 /* Cells */,
				4658D310210DC33D00C6BA72 /* Parts */,
			);
			path = View;
			sourceTree = "<group>";
		};
		4658D30F210DC33D00C6BA72 /* Cells */ = {
			isa = PBXGroup;
			children = (
			);
			path = Cells;
			sourceTree = "<group>";
		};
		4658D310210DC33D00C6BA72 /* Parts */ = {
			isa = PBXGroup;
			children = (
			);
			path = Parts;
			sourceTree = "<group>";
		};
		4658D311210DC33D00C6BA72 /* Modules */ = {
			isa = PBXGroup;
			children = (
			);
			path = Modules;
			sourceTree = "<group>";
		};
		4658D312210DC33D00C6BA72 /* Defines */ = {
			isa = PBXGroup;
			children = (
				4675373B211050A600E24845 /* Consts.swift */,
			);
			path = Defines;
			sourceTree = "<group>";
		};
		4658D313210DC33D00C6BA72 /* Adaptors */ = {
			isa = PBXGroup;
			children = (
				4658D314210DC33D00C6BA72 /* DataSource */,
				4658D315210DC33D00C6BA72 /* Repository */,
				4658D316210DC33D00C6BA72 /* Presenter */,
				4658D317210DC33D00C6BA72 /* Wireframe */,
				4658D318210DC33D00C6BA72 /* ViewController */,
				4658D31A210DC33D00C6BA72 /* Builder */,
			);
			path = Adaptors;
			sourceTree = "<group>";
		};
		4658D314210DC33D00C6BA72 /* DataSource */ = {
			isa = PBXGroup;
			children = (
			);
			path = DataSource;
			sourceTree = "<group>";
		};
		4658D315210DC33D00C6BA72 /* Repository */ = {
			isa = PBXGroup;
			children = (
			);
			path = Repository;
			sourceTree = "<group>";
		};
		4658D316210DC33D00C6BA72 /* Presenter */ = {
			isa = PBXGroup;
			children = (
			);
			path = Presenter;
			sourceTree = "<group>";
		};
		4658D317210DC33D00C6BA72 /* Wireframe */ = {
			isa = PBXGroup;
			children = (
			);
			path = Wireframe;
			sourceTree = "<group>";
		};
		4658D318210DC33D00C6BA72 /* ViewController */ = {
			isa = PBXGroup;
			children = (
				4675372821104AF800E24845 /* Search */,
				4675372421104AF800E24845 /* MyPage */,
				4675372621104AF800E24845 /* Setting */,
				4675371A2110078B00E24845 /* MainTabBarController.swift */,
			);
			path = ViewController;
			sourceTree = "<group>";
		};
		4658D31A210DC33D00C6BA72 /* Builder */ = {
			isa = PBXGroup;
			children = (
			);
			path = Builder;
			sourceTree = "<group>";
		};
		4658D31C210DC33D00C6BA72 /* Usecases */ = {
			isa = PBXGroup;
			children = (
				4658D31D210DC33D00C6BA72 /* Translator */,
				4658D31E210DC33D00C6BA72 /* Model */,
				4658D31F210DC33D00C6BA72 /* UseCase */,
			);
			path = Usecases;
			sourceTree = "<group>";
		};
		4658D31D210DC33D00C6BA72 /* Translator */ = {
			isa = PBXGroup;
			children = (
			);
			path = Translator;
			sourceTree = "<group>";
		};
		4658D31E210DC33D00C6BA72 /* Model */ = {
			isa = PBXGroup;
			children = (
			);
			path = Model;
			sourceTree = "<group>";
		};
		4658D31F210DC33D00C6BA72 /* UseCase */ = {
			isa = PBXGroup;
			children = (
			);
			path = UseCase;
			sourceTree = "<group>";
		};
		4658D320210DC33D00C6BA72 /* Entities */ = {
			isa = PBXGroup;
			children = (
				4658D321210DC33D00C6BA72 /* Utilities */,
				4658D322210DC33D00C6BA72 /* Extentions */,
				4658D323210DC33D00C6BA72 /* Entities */,
			);
			path = Entities;
			sourceTree = "<group>";
		};
		4658D321210DC33D00C6BA72 /* Utilities */ = {
			isa = PBXGroup;
			children = (
				4675372021104A8600E24845 /* SwiftyBeaverUtil.swift */,
				4675372121104A8600E24845 /* SwiftyUserDefaultsUtil.swift */,
				46D4188F2143888A006675DC /* NotificationInitializer.swift */,
			);
			path = Utilities;
			sourceTree = "<group>";
		};
		4658D322210DC33D00C6BA72 /* Extentions */ = {
			isa = PBXGroup;
			children = (
			);
			path = Extentions;
			sourceTree = "<group>";
		};
		4658D323210DC33D00C6BA72 /* Entities */ = {
			isa = PBXGroup;
			children = (
			);
			path = Entities;
			sourceTree = "<group>";
		};
		4658D324210DC33D00C6BA72 /* Resources */ = {
			isa = PBXGroup;
			children = (
			);
			path = Resources;
			sourceTree = "<group>";
		};
		4675372421104AF800E24845 /* MyPage */ = {
			isa = PBXGroup;
			children = (
				4675372521104AF800E24845 /* MyPageViewController.swift */,
				4675373321104BB200E24845 /* HistoryViewController.swift */,
				4675373521104BBF00E24845 /* FavoriteViewController.swift */,
			);
			path = MyPage;
			sourceTree = "<group>";
		};
		4675372621104AF800E24845 /* Setting */ = {
			isa = PBXGroup;
			children = (
				4675372721104AF800E24845 /* SettingViewController.swift */,
				4675373921104F5500E24845 /* ContentViewController.swift */,
			);
			path = Setting;
			sourceTree = "<group>";
		};
		4675372821104AF800E24845 /* Search */ = {
			isa = PBXGroup;
			children = (
				4675372A21104AF800E24845 /* SearchViewController.swift */,
				4675372B21104AF800E24845 /* ResultViewController.swift */,
				4675372C21104AF800E24845 /* ResultListViewController.swift */,
				4675372921104AF800E24845 /* ResultMapViewController.swift */,
				4675373721104F3100E24845 /* DetailViewController.swift */,
			);
			path = Search;
			sourceTree = "<group>";
		};
		46D4189621439011006675DC /* gourmetsearch nortification */ = {
			isa = PBXGroup;
			children = (
				46D4189721439011006675DC /* NotificationService.swift */,
				46D4189921439011006675DC /* Info.plist */,
			);
			path = "gourmetsearch nortification";
			sourceTree = "<group>";
		};
		83EC8D2A08A8297A1509D321 /* Frameworks */ = {
			isa = PBXGroup;
			children = (
				A15D9C098A3654F4AA24E86E /* Pods_gourmetsearch.framework */,
				A53A1635EB646AD27B2E598F /* Pods_gourmetsearchTests.framework */,
				F18C12DF3052F38F09F2FD96 /* Pods_gourmetsearch_nortification.framework */,
			);
			name = Frameworks;
			sourceTree = "<group>";
		};
/* End PBXGroup section */

/* Begin PBXNativeTarget section */
		4658D2E6210DB51A00C6BA72 /* gourmetsearch */ = {
			isa = PBXNativeTarget;
			buildConfigurationList = 4658D304210DB51D00C6BA72 /* Build configuration list for PBXNativeTarget "gourmetsearch" */;
			buildPhases = (
				C81D1150C8B1B7C417418645 /* [CP] Check Pods Manifest.lock */,
				4658D32E210DFE2200C6BA72 /* ShellScript */,
				4658D2E3210DB51A00C6BA72 /* Sources */,
				4658D2E4210DB51A00C6BA72 /* Frameworks */,
				4658D2E5210DB51A00C6BA72 /* Resources */,
				E6A73EED9959D4BA362AFF44 /* [CP] Embed Pods Frameworks */,
				464058E9210EBED5005A4991 /* ShellScript */,
				46D418A021439011006675DC /* Embed App Extensions */,
			);
			buildRules = (
			);
			dependencies = (
				46D4189B21439011006675DC /* PBXTargetDependency */,
			);
			name = gourmetsearch;
			productName = gourmetsearch;
			productReference = 4658D2E7210DB51A00C6BA72 /* [dev]gourmetsearch.app */;
			productType = "com.apple.product-type.application";
		};
		4658D2FA210DB51C00C6BA72 /* gourmetsearchTests */ = {
			isa = PBXNativeTarget;
			buildConfigurationList = 4658D307210DB51D00C6BA72 /* Build configuration list for PBXNativeTarget "gourmetsearchTests" */;
			buildPhases = (
				CDA675F699FB43A5F59B09A8 /* [CP] Check Pods Manifest.lock */,
				4658D2F7210DB51C00C6BA72 /* Sources */,
				4658D2F8210DB51C00C6BA72 /* Frameworks */,
				4658D2F9210DB51C00C6BA72 /* Resources */,
				14E9242F9BEA4E9141C352B5 /* [CP] Embed Pods Frameworks */,
			);
			buildRules = (
			);
			dependencies = (
				4658D2FD210DB51C00C6BA72 /* PBXTargetDependency */,
			);
			name = gourmetsearchTests;
			productName = gourmetsearchTests;
			productReference = 4658D2FB210DB51C00C6BA72 /* gourmetsearchTests.xctest */;
			productType = "com.apple.product-type.bundle.unit-test";
		};
		46D4189421439011006675DC /* gourmetsearch nortification */ = {
			isa = PBXNativeTarget;
			buildConfigurationList = 46D4189D21439011006675DC /* Build configuration list for PBXNativeTarget "gourmetsearch nortification" */;
			buildPhases = (
				A738BFE4B4A14EE4DCEB0110 /* [CP] Check Pods Manifest.lock */,
				46D4189121439011006675DC /* Sources */,
				46D4189221439011006675DC /* Frameworks */,
				46D4189321439011006675DC /* Resources */,
			);
			buildRules = (
			);
			dependencies = (
			);
			name = "gourmetsearch nortification";
			productName = "gourmetsearch nortification";
			productReference = 46D4189521439011006675DC /* gourmetsearch nortification.appex */;
			productType = "com.apple.product-type.app-extension";
		};
/* End PBXNativeTarget section */

/* Begin PBXProject section */
		4658D2DF210DB51A00C6BA72 /* Project object */ = {
			isa = PBXProject;
			attributes = {
				LastSwiftUpdateCheck = 0930;
				LastUpgradeCheck = 0930;
				ORGANIZATIONNAME = Penguin;
				TargetAttributes = {
					4658D2E6210DB51A00C6BA72 = {
						CreatedOnToolsVersion = 9.3;
						SystemCapabilities = {
							com.apple.Push = {
								enabled = 1;
							};
						};
					};
					4658D2FA210DB51C00C6BA72 = {
						CreatedOnToolsVersion = 9.3;
						TestTargetID = 4658D2E6210DB51A00C6BA72;
					};
					46D4189421439011006675DC = {
						CreatedOnToolsVersion = 9.3;
					};
				};
			};
			buildConfigurationList = 4658D2E2210DB51A00C6BA72 /* Build configuration list for PBXProject "gourmetsearch" */;
			compatibilityVersion = "Xcode 9.3";
			developmentRegion = en;
			hasScannedForEncodings = 0;
			knownRegions = (
				en,
				Base,
			);
			mainGroup = 4658D2DE210DB51A00C6BA72;
			productRefGroup = 4658D2E8210DB51A00C6BA72 /* Products */;
			projectDirPath = "";
			projectRoot = "";
			targets = (
				4658D2E6210DB51A00C6BA72 /* gourmetsearch */,
				4658D2FA210DB51C00C6BA72 /* gourmetsearchTests */,
				46D4189421439011006675DC /* gourmetsearch nortification */,
			);
		};
/* End PBXProject section */

/* Begin PBXResourcesBuildPhase section */
		4658D2E5210DB51A00C6BA72 /* Resources */ = {
			isa = PBXResourcesBuildPhase;
			buildActionMask = 2147483647;
			files = (
				464058E7210EBD1C005A4991 /* GoogleService-Info-Release.plist in Resources */,
				4658D32C210DFD2B00C6BA72 /* Settings.bundle in Resources */,
				4658D2F5210DB51C00C6BA72 /* LaunchScreen.storyboard in Resources */,
				4658D2F2210DB51C00C6BA72 /* Assets.xcassets in Resources */,
				464058E8210EBD1C005A4991 /* GoogleService-Info-Debug.plist in Resources */,
			);
			runOnlyForDeploymentPostprocessing = 0;
		};
		4658D2F9210DB51C00C6BA72 /* Resources */ = {
			isa = PBXResourcesBuildPhase;
			buildActionMask = 2147483647;
			files = (
			);
			runOnlyForDeploymentPostprocessing = 0;
		};
		46D4189321439011006675DC /* Resources */ = {
			isa = PBXResourcesBuildPhase;
			buildActionMask = 2147483647;
			files = (
			);
			runOnlyForDeploymentPostprocessing = 0;
		};
/* End PBXResourcesBuildPhase section */

/* Begin PBXShellScriptBuildPhase section */
		14E9242F9BEA4E9141C352B5 /* [CP] Embed Pods Frameworks */ = {
			isa = PBXShellScriptBuildPhase;
			buildActionMask = 2147483647;
			files = (
			);
			inputPaths = (
				"${SRCROOT}/Pods/Target Support Files/Pods-gourmetsearchTests/Pods-gourmetsearchTests-frameworks.sh",
				"${BUILT_PRODUCTS_DIR}/Nimble/Nimble.framework",
				"${BUILT_PRODUCTS_DIR}/Quick/Quick.framework",
			);
			name = "[CP] Embed Pods Frameworks";
			outputPaths = (
				"${TARGET_BUILD_DIR}/${FRAMEWORKS_FOLDER_PATH}/Nimble.framework",
				"${TARGET_BUILD_DIR}/${FRAMEWORKS_FOLDER_PATH}/Quick.framework",
			);
			runOnlyForDeploymentPostprocessing = 0;
			shellPath = /bin/sh;
			shellScript = "\"${SRCROOT}/Pods/Target Support Files/Pods-gourmetsearchTests/Pods-gourmetsearchTests-frameworks.sh\"\n";
			showEnvVarsInLog = 0;
		};
		464058E9210EBED5005A4991 /* ShellScript */ = {
			isa = PBXShellScriptBuildPhase;
			buildActionMask = 2147483647;
			files = (
			);
			inputPaths = (
			);
			outputPaths = (
			);
			runOnlyForDeploymentPostprocessing = 0;
			shellPath = /bin/sh;
			shellScript = "\"${PODS_ROOT}/Fabric/run\"";
		};
		4658D32E210DFE2200C6BA72 /* ShellScript */ = {
			isa = PBXShellScriptBuildPhase;
			buildActionMask = 2147483647;
			files = (
			);
			inputPaths = (
			);
			outputPaths = (
			);
			runOnlyForDeploymentPostprocessing = 0;
			shellPath = /bin/sh;
			shellScript = "# LicensePlist\nif [ $CONFIGURATION = \"Debug\" ]; then\n    ${PODS_ROOT}/LicensePlist/license-plist --output-path \"$TARGET_NAME/Supporting Files/Settings.bundle\"\nfi\n\n# R.Swift\n\"$PODS_ROOT/R.swift/rswift\" generate \"$SRCROOT/$TARGET_NAME/Supporting Files\"\n\n# SwiftLint\n\"${PODS_ROOT}/SwiftLint/swiftlint\"\n\n# Firebase\nif [ $CONFIGURATION = \"Release\" ]; then\n    cp -f \"$SRCROOT/$TARGET_NAME/Supporting Files/GoogleService-Info-Release.plist\" \"${BUILT_PRODUCTS_DIR}/${PRODUCT_NAME}.app/GoogleService-Info.plist\"\nelse\n    cp -f \"$SRCROOT/$TARGET_NAME/Supporting Files/GoogleService-Info-Debug.plist\" \"${BUILT_PRODUCTS_DIR}/${PRODUCT_NAME}.app/GoogleService-Info.plist\"\nfi\n";
		};
		A738BFE4B4A14EE4DCEB0110 /* [CP] Check Pods Manifest.lock */ = {
			isa = PBXShellScriptBuildPhase;
			buildActionMask = 2147483647;
			files = (
			);
			inputPaths = (
				"${PODS_PODFILE_DIR_PATH}/Podfile.lock",
				"${PODS_ROOT}/Manifest.lock",
			);
			name = "[CP] Check Pods Manifest.lock";
			outputPaths = (
				"$(DERIVED_FILE_DIR)/Pods-gourmetsearch nortification-checkManifestLockResult.txt",
			);
			runOnlyForDeploymentPostprocessing = 0;
			shellPath = /bin/sh;
			shellScript = "diff \"${PODS_PODFILE_DIR_PATH}/Podfile.lock\" \"${PODS_ROOT}/Manifest.lock\" > /dev/null\nif [ $? != 0 ] ; then\n    # print error to STDERR\n    echo \"error: The sandbox is not in sync with the Podfile.lock. Run 'pod install' or update your CocoaPods installation.\" >&2\n    exit 1\nfi\n# This output is used by Xcode 'outputs' to avoid re-running this script phase.\necho \"SUCCESS\" > \"${SCRIPT_OUTPUT_FILE_0}\"\n";
			showEnvVarsInLog = 0;
		};
		C81D1150C8B1B7C417418645 /* [CP] Check Pods Manifest.lock */ = {
			isa = PBXShellScriptBuildPhase;
			buildActionMask = 2147483647;
			files = (
			);
			inputPaths = (
				"${PODS_PODFILE_DIR_PATH}/Podfile.lock",
				"${PODS_ROOT}/Manifest.lock",
			);
			name = "[CP] Check Pods Manifest.lock";
			outputPaths = (
				"$(DERIVED_FILE_DIR)/Pods-gourmetsearch-checkManifestLockResult.txt",
			);
			runOnlyForDeploymentPostprocessing = 0;
			shellPath = /bin/sh;
			shellScript = "diff \"${PODS_PODFILE_DIR_PATH}/Podfile.lock\" \"${PODS_ROOT}/Manifest.lock\" > /dev/null\nif [ $? != 0 ] ; then\n    # print error to STDERR\n    echo \"error: The sandbox is not in sync with the Podfile.lock. Run 'pod install' or update your CocoaPods installation.\" >&2\n    exit 1\nfi\n# This output is used by Xcode 'outputs' to avoid re-running this script phase.\necho \"SUCCESS\" > \"${SCRIPT_OUTPUT_FILE_0}\"\n";
			showEnvVarsInLog = 0;
		};
		CDA675F699FB43A5F59B09A8 /* [CP] Check Pods Manifest.lock */ = {
			isa = PBXShellScriptBuildPhase;
			buildActionMask = 2147483647;
			files = (
			);
			inputPaths = (
				"${PODS_PODFILE_DIR_PATH}/Podfile.lock",
				"${PODS_ROOT}/Manifest.lock",
			);
			name = "[CP] Check Pods Manifest.lock";
			outputPaths = (
				"$(DERIVED_FILE_DIR)/Pods-gourmetsearchTests-checkManifestLockResult.txt",
			);
			runOnlyForDeploymentPostprocessing = 0;
			shellPath = /bin/sh;
			shellScript = "diff \"${PODS_PODFILE_DIR_PATH}/Podfile.lock\" \"${PODS_ROOT}/Manifest.lock\" > /dev/null\nif [ $? != 0 ] ; then\n    # print error to STDERR\n    echo \"error: The sandbox is not in sync with the Podfile.lock. Run 'pod install' or update your CocoaPods installation.\" >&2\n    exit 1\nfi\n# This output is used by Xcode 'outputs' to avoid re-running this script phase.\necho \"SUCCESS\" > \"${SCRIPT_OUTPUT_FILE_0}\"\n";
			showEnvVarsInLog = 0;
		};
		E6A73EED9959D4BA362AFF44 /* [CP] Embed Pods Frameworks */ = {
			isa = PBXShellScriptBuildPhase;
			buildActionMask = 2147483647;
			files = (
			);
			inputPaths = (
				"${SRCROOT}/Pods/Target Support Files/Pods-gourmetsearch/Pods-gourmetsearch-frameworks.sh",
				"${BUILT_PRODUCTS_DIR}/BonMot/BonMot.framework",
				"${BUILT_PRODUCTS_DIR}/FontAwesomeKit/FontAwesomeKit.framework",
				"${BUILT_PRODUCTS_DIR}/GoogleToolboxForMac/GoogleToolboxForMac.framework",
				"${BUILT_PRODUCTS_DIR}/Protobuf/Protobuf.framework",
				"${BUILT_PRODUCTS_DIR}/R.swift.Library/Rswift.framework",
				"${PODS_ROOT}/Reveal-SDK/RevealServer-16/iOS/RevealServer.framework",
				"${BUILT_PRODUCTS_DIR}/RxCocoa/RxCocoa.framework",
				"${BUILT_PRODUCTS_DIR}/RxSwift/RxSwift.framework",
				"${BUILT_PRODUCTS_DIR}/SnapKit/SnapKit.framework",
				"${BUILT_PRODUCTS_DIR}/SwiftyBeaver/SwiftyBeaver.framework",
				"${BUILT_PRODUCTS_DIR}/SwiftyUserDefaults/SwiftyUserDefaults.framework",
				"${BUILT_PRODUCTS_DIR}/Unbox/Unbox.framework",
				"${BUILT_PRODUCTS_DIR}/Wrap/Wrap.framework",
				"${BUILT_PRODUCTS_DIR}/XLPagerTabStrip/XLPagerTabStrip.framework",
				"${BUILT_PRODUCTS_DIR}/nanopb/nanopb.framework",
				"${BUILT_PRODUCTS_DIR}/Alamofire/Alamofire.framework",
			);
			name = "[CP] Embed Pods Frameworks";
			outputPaths = (
				"${TARGET_BUILD_DIR}/${FRAMEWORKS_FOLDER_PATH}/BonMot.framework",
				"${TARGET_BUILD_DIR}/${FRAMEWORKS_FOLDER_PATH}/FontAwesomeKit.framework",
				"${TARGET_BUILD_DIR}/${FRAMEWORKS_FOLDER_PATH}/GoogleToolboxForMac.framework",
				"${TARGET_BUILD_DIR}/${FRAMEWORKS_FOLDER_PATH}/Protobuf.framework",
				"${TARGET_BUILD_DIR}/${FRAMEWORKS_FOLDER_PATH}/Rswift.framework",
				"${TARGET_BUILD_DIR}/${FRAMEWORKS_FOLDER_PATH}/RevealServer.framework",
				"${TARGET_BUILD_DIR}/${FRAMEWORKS_FOLDER_PATH}/RxCocoa.framework",
				"${TARGET_BUILD_DIR}/${FRAMEWORKS_FOLDER_PATH}/RxSwift.framework",
				"${TARGET_BUILD_DIR}/${FRAMEWORKS_FOLDER_PATH}/SnapKit.framework",
				"${TARGET_BUILD_DIR}/${FRAMEWORKS_FOLDER_PATH}/SwiftyBeaver.framework",
				"${TARGET_BUILD_DIR}/${FRAMEWORKS_FOLDER_PATH}/SwiftyUserDefaults.framework",
				"${TARGET_BUILD_DIR}/${FRAMEWORKS_FOLDER_PATH}/Unbox.framework",
				"${TARGET_BUILD_DIR}/${FRAMEWORKS_FOLDER_PATH}/Wrap.framework",
				"${TARGET_BUILD_DIR}/${FRAMEWORKS_FOLDER_PATH}/XLPagerTabStrip.framework",
				"${TARGET_BUILD_DIR}/${FRAMEWORKS_FOLDER_PATH}/nanopb.framework",
				"${TARGET_BUILD_DIR}/${FRAMEWORKS_FOLDER_PATH}/Alamofire.framework",
			);
			runOnlyForDeploymentPostprocessing = 0;
			shellPath = /bin/sh;
			shellScript = "\"${SRCROOT}/Pods/Target Support Files/Pods-gourmetsearch/Pods-gourmetsearch-frameworks.sh\"\n";
			showEnvVarsInLog = 0;
		};
/* End PBXShellScriptBuildPhase section */

/* Begin PBXSourcesBuildPhase section */
		4658D2E3210DB51A00C6BA72 /* Sources */ = {
			isa = PBXSourcesBuildPhase;
			buildActionMask = 2147483647;
			files = (
				4658D327210DC33D00C6BA72 /* AppDelegate.swift in Sources */,
				4675373C211050A600E24845 /* Consts.swift in Sources */,
				4675372D21104AF800E24845 /* MyPageViewController.swift in Sources */,
				4675372221104A8600E24845 /* SwiftyBeaverUtil.swift in Sources */,
				4675373421104BB200E24845 /* HistoryViewController.swift in Sources */,
				4675373021104AF800E24845 /* SearchViewController.swift in Sources */,
				4675371B2110078B00E24845 /* MainTabBarController.swift in Sources */,
				4675373121104AF800E24845 /* ResultViewController.swift in Sources */,
				4675373221104AF800E24845 /* ResultListViewController.swift in Sources */,
				4675372F21104AF800E24845 /* ResultMapViewController.swift in Sources */,
				4675373621104BBF00E24845 /* FavoriteViewController.swift in Sources */,
				4675373A21104F5500E24845 /* ContentViewController.swift in Sources */,
				4675372321104A8600E24845 /* SwiftyUserDefaultsUtil.swift in Sources */,
				4675372E21104AF800E24845 /* SettingViewController.swift in Sources */,
				46928B8F210E93FA0059B41F /* R.generated.swift in Sources */,
				4675373821104F3100E24845 /* DetailViewController.swift in Sources */,
				46D418902143888A006675DC /* NotificationInitializer.swift in Sources */,
			);
			runOnlyForDeploymentPostprocessing = 0;
		};
		4658D2F7210DB51C00C6BA72 /* Sources */ = {
			isa = PBXSourcesBuildPhase;
			buildActionMask = 2147483647;
			files = (
				4658D300210DB51C00C6BA72 /* gourmetsearchTests.swift in Sources */,
			);
			runOnlyForDeploymentPostprocessing = 0;
		};
		46D4189121439011006675DC /* Sources */ = {
			isa = PBXSourcesBuildPhase;
			buildActionMask = 2147483647;
			files = (
				46D4189821439011006675DC /* NotificationService.swift in Sources */,
			);
			runOnlyForDeploymentPostprocessing = 0;
		};
/* End PBXSourcesBuildPhase section */

/* Begin PBXTargetDependency section */
		4658D2FD210DB51C00C6BA72 /* PBXTargetDependency */ = {
			isa = PBXTargetDependency;
			target = 4658D2E6210DB51A00C6BA72 /* gourmetsearch */;
			targetProxy = 4658D2FC210DB51C00C6BA72 /* PBXContainerItemProxy */;
		};
		46D4189B21439011006675DC /* PBXTargetDependency */ = {
			isa = PBXTargetDependency;
			target = 46D4189421439011006675DC /* gourmetsearch nortification */;
			targetProxy = 46D4189A21439011006675DC /* PBXContainerItemProxy */;
		};
/* End PBXTargetDependency section */

/* Begin PBXVariantGroup section */
		4658D2F3210DB51C00C6BA72 /* LaunchScreen.storyboard */ = {
			isa = PBXVariantGroup;
			children = (
				4658D2F4210DB51C00C6BA72 /* Base */,
			);
			name = LaunchScreen.storyboard;
			sourceTree = "<group>";
		};
/* End PBXVariantGroup section */

/* Begin XCBuildConfiguration section */
		4658D302210DB51D00C6BA72 /* Debug */ = {
			isa = XCBuildConfiguration;
			buildSettings = {
				ALWAYS_SEARCH_USER_PATHS = NO;
				CLANG_ANALYZER_NONNULL = YES;
				CLANG_ANALYZER_NUMBER_OBJECT_CONVERSION = YES_AGGRESSIVE;
				CLANG_CXX_LANGUAGE_STANDARD = "gnu++14";
				CLANG_CXX_LIBRARY = "libc++";
				CLANG_ENABLE_MODULES = YES;
				CLANG_ENABLE_OBJC_ARC = YES;
				CLANG_ENABLE_OBJC_WEAK = YES;
				CLANG_WARN_BLOCK_CAPTURE_AUTORELEASING = YES;
				CLANG_WARN_BOOL_CONVERSION = YES;
				CLANG_WARN_COMMA = YES;
				CLANG_WARN_CONSTANT_CONVERSION = YES;
				CLANG_WARN_DEPRECATED_OBJC_IMPLEMENTATIONS = YES;
				CLANG_WARN_DIRECT_OBJC_ISA_USAGE = YES_ERROR;
				CLANG_WARN_DOCUMENTATION_COMMENTS = YES;
				CLANG_WARN_EMPTY_BODY = YES;
				CLANG_WARN_ENUM_CONVERSION = YES;
				CLANG_WARN_INFINITE_RECURSION = YES;
				CLANG_WARN_INT_CONVERSION = YES;
				CLANG_WARN_NON_LITERAL_NULL_CONVERSION = YES;
				CLANG_WARN_OBJC_IMPLICIT_RETAIN_SELF = YES;
				CLANG_WARN_OBJC_LITERAL_CONVERSION = YES;
				CLANG_WARN_OBJC_ROOT_CLASS = YES_ERROR;
				CLANG_WARN_RANGE_LOOP_ANALYSIS = YES;
				CLANG_WARN_STRICT_PROTOTYPES = YES;
				CLANG_WARN_SUSPICIOUS_MOVE = YES;
				CLANG_WARN_UNGUARDED_AVAILABILITY = YES_AGGRESSIVE;
				CLANG_WARN_UNREACHABLE_CODE = YES;
				CLANG_WARN__DUPLICATE_METHOD_MATCH = YES;
				CODE_SIGN_IDENTITY = "iPhone Developer";
				COPY_PHASE_STRIP = NO;
				DEBUG_INFORMATION_FORMAT = dwarf;
				ENABLE_STRICT_OBJC_MSGSEND = YES;
				ENABLE_TESTABILITY = YES;
				GCC_C_LANGUAGE_STANDARD = gnu11;
				GCC_DYNAMIC_NO_PIC = NO;
				GCC_NO_COMMON_BLOCKS = YES;
				GCC_OPTIMIZATION_LEVEL = 0;
				GCC_PREPROCESSOR_DEFINITIONS = (
					"DEBUG=1",
					"$(inherited)",
				);
				GCC_WARN_64_TO_32_BIT_CONVERSION = YES;
				GCC_WARN_ABOUT_RETURN_TYPE = YES_ERROR;
				GCC_WARN_UNDECLARED_SELECTOR = YES;
				GCC_WARN_UNINITIALIZED_AUTOS = YES_AGGRESSIVE;
				GCC_WARN_UNUSED_FUNCTION = YES;
				GCC_WARN_UNUSED_VARIABLE = YES;
				IPHONEOS_DEPLOYMENT_TARGET = 11.3;
				MTL_ENABLE_DEBUG_INFO = YES;
				ONLY_ACTIVE_ARCH = YES;
				SDKROOT = iphoneos;
				SWIFT_ACTIVE_COMPILATION_CONDITIONS = DEBUG;
				SWIFT_OPTIMIZATION_LEVEL = "-Onone";
			};
			name = Debug;
		};
		4658D303210DB51D00C6BA72 /* Release */ = {
			isa = XCBuildConfiguration;
			buildSettings = {
				ALWAYS_SEARCH_USER_PATHS = NO;
				CLANG_ANALYZER_NONNULL = YES;
				CLANG_ANALYZER_NUMBER_OBJECT_CONVERSION = YES_AGGRESSIVE;
				CLANG_CXX_LANGUAGE_STANDARD = "gnu++14";
				CLANG_CXX_LIBRARY = "libc++";
				CLANG_ENABLE_MODULES = YES;
				CLANG_ENABLE_OBJC_ARC = YES;
				CLANG_ENABLE_OBJC_WEAK = YES;
				CLANG_WARN_BLOCK_CAPTURE_AUTORELEASING = YES;
				CLANG_WARN_BOOL_CONVERSION = YES;
				CLANG_WARN_COMMA = YES;
				CLANG_WARN_CONSTANT_CONVERSION = YES;
				CLANG_WARN_DEPRECATED_OBJC_IMPLEMENTATIONS = YES;
				CLANG_WARN_DIRECT_OBJC_ISA_USAGE = YES_ERROR;
				CLANG_WARN_DOCUMENTATION_COMMENTS = YES;
				CLANG_WARN_EMPTY_BODY = YES;
				CLANG_WARN_ENUM_CONVERSION = YES;
				CLANG_WARN_INFINITE_RECURSION = YES;
				CLANG_WARN_INT_CONVERSION = YES;
				CLANG_WARN_NON_LITERAL_NULL_CONVERSION = YES;
				CLANG_WARN_OBJC_IMPLICIT_RETAIN_SELF = YES;
				CLANG_WARN_OBJC_LITERAL_CONVERSION = YES;
				CLANG_WARN_OBJC_ROOT_CLASS = YES_ERROR;
				CLANG_WARN_RANGE_LOOP_ANALYSIS = YES;
				CLANG_WARN_STRICT_PROTOTYPES = YES;
				CLANG_WARN_SUSPICIOUS_MOVE = YES;
				CLANG_WARN_UNGUARDED_AVAILABILITY = YES_AGGRESSIVE;
				CLANG_WARN_UNREACHABLE_CODE = YES;
				CLANG_WARN__DUPLICATE_METHOD_MATCH = YES;
				CODE_SIGN_IDENTITY = "iPhone Developer";
				COPY_PHASE_STRIP = NO;
				DEBUG_INFORMATION_FORMAT = "dwarf-with-dsym";
				ENABLE_NS_ASSERTIONS = NO;
				ENABLE_STRICT_OBJC_MSGSEND = YES;
				GCC_C_LANGUAGE_STANDARD = gnu11;
				GCC_NO_COMMON_BLOCKS = YES;
				GCC_WARN_64_TO_32_BIT_CONVERSION = YES;
				GCC_WARN_ABOUT_RETURN_TYPE = YES_ERROR;
				GCC_WARN_UNDECLARED_SELECTOR = YES;
				GCC_WARN_UNINITIALIZED_AUTOS = YES_AGGRESSIVE;
				GCC_WARN_UNUSED_FUNCTION = YES;
				GCC_WARN_UNUSED_VARIABLE = YES;
				IPHONEOS_DEPLOYMENT_TARGET = 11.3;
				MTL_ENABLE_DEBUG_INFO = NO;
				SDKROOT = iphoneos;
				SWIFT_COMPILATION_MODE = wholemodule;
				SWIFT_OPTIMIZATION_LEVEL = "-O";
				VALIDATE_PRODUCT = YES;
			};
			name = Release;
		};
		4658D305210DB51D00C6BA72 /* Debug */ = {
			isa = XCBuildConfiguration;
			baseConfigurationReference = 24DD0A18F4CBF3A41CCAF17F /* Pods-gourmetsearch.debug.xcconfig */;
			buildSettings = {
				ALWAYS_EMBED_SWIFT_STANDARD_LIBRARIES = YES;
				ASSETCATALOG_COMPILER_APPICON_NAME = AppIcon;
				CODE_SIGN_ENTITLEMENTS = "gourmetsearch/Supporting Files/[dev]gourmetsearch.entitlements";
				CODE_SIGN_STYLE = Automatic;
				DEBUG_INFORMATION_FORMAT = "dwarf-with-dsym";
				DEVELOPMENT_TEAM = LHKFAYMQF2;
				INFOPLIST_FILE = "gourmetsearch/Supporting Files/Info.plist";
				LD_RUNPATH_SEARCH_PATHS = (
					"$(inherited)",
					"@executable_path/Frameworks",
				);
				PRODUCT_BUNDLE_IDENTIFIER = jp.co.penguin.gourmetsearch.dev;
				PRODUCT_NAME = "[dev]$(TARGET_NAME)";
				SWIFT_VERSION = 4.0;
				TARGETED_DEVICE_FAMILY = "1,2";
			};
			name = Debug;
		};
		4658D306210DB51D00C6BA72 /* Release */ = {
			isa = XCBuildConfiguration;
			baseConfigurationReference = 18E68F3351BF7204755906DF /* Pods-gourmetsearch.release.xcconfig */;
			buildSettings = {
				ALWAYS_EMBED_SWIFT_STANDARD_LIBRARIES = YES;
				ASSETCATALOG_COMPILER_APPICON_NAME = AppIcon;
				CODE_SIGN_ENTITLEMENTS = "gourmetsearch/Supporting Files/[dev]gourmetsearch.entitlements";
				CODE_SIGN_STYLE = Automatic;
				DEVELOPMENT_TEAM = LHKFAYMQF2;
				INFOPLIST_FILE = "gourmetsearch/Supporting Files/Info.plist";
				LD_RUNPATH_SEARCH_PATHS = (
					"$(inherited)",
					"@executable_path/Frameworks",
				);
				PRODUCT_BUNDLE_IDENTIFIER = jp.co.penguin.gourmetsearch;
				PRODUCT_NAME = "$(TARGET_NAME)";
				SWIFT_VERSION = 4.0;
				TARGETED_DEVICE_FAMILY = "1,2";
			};
			name = Release;
		};
		4658D308210DB51D00C6BA72 /* Debug */ = {
			isa = XCBuildConfiguration;
			baseConfigurationReference = B5FDE91825E7B6F77922CBA3 /* Pods-gourmetsearchTests.debug.xcconfig */;
			buildSettings = {
				ALWAYS_EMBED_SWIFT_STANDARD_LIBRARIES = "$(inherited)";
				BUNDLE_LOADER = "$(TEST_HOST)";
				CODE_SIGN_STYLE = Automatic;
				INFOPLIST_FILE = gourmetsearchTests/Info.plist;
				LD_RUNPATH_SEARCH_PATHS = (
					"$(inherited)",
					"@executable_path/Frameworks",
					"@loader_path/Frameworks",
				);
				PRODUCT_BUNDLE_IDENTIFIER = jp.co.penguin.gourmetsearchTests;
				PRODUCT_NAME = "$(TARGET_NAME)";
				SWIFT_VERSION = 4.0;
				TARGETED_DEVICE_FAMILY = "1,2";
				TEST_HOST = "$(BUILT_PRODUCTS_DIR)/[dev]gourmetsearch.app/[dev]gourmetsearch";
			};
			name = Debug;
		};
		4658D309210DB51D00C6BA72 /* Release */ = {
			isa = XCBuildConfiguration;
			baseConfigurationReference = 4795F3B40F0A760628F64D55 /* Pods-gourmetsearchTests.release.xcconfig */;
			buildSettings = {
				ALWAYS_EMBED_SWIFT_STANDARD_LIBRARIES = "$(inherited)";
				BUNDLE_LOADER = "$(TEST_HOST)";
				CODE_SIGN_STYLE = Automatic;
				INFOPLIST_FILE = gourmetsearchTests/Info.plist;
				LD_RUNPATH_SEARCH_PATHS = (
					"$(inherited)",
					"@executable_path/Frameworks",
					"@loader_path/Frameworks",
				);
				PRODUCT_BUNDLE_IDENTIFIER = jp.co.penguin.gourmetsearchTests;
				PRODUCT_NAME = "$(TARGET_NAME)";
				SWIFT_VERSION = 4.0;
				TARGETED_DEVICE_FAMILY = "1,2";
				TEST_HOST = "$(BUILT_PRODUCTS_DIR)/gourmetsearch.app/gourmetsearch";
			};
			name = Release;
		};
		46D4189E21439011006675DC /* Debug */ = {
			isa = XCBuildConfiguration;
			baseConfigurationReference = 005C8890074FC0556A8A702C /* Pods-gourmetsearch nortification.debug.xcconfig */;
			buildSettings = {
				CODE_SIGN_STYLE = Automatic;
				DEVELOPMENT_TEAM = LHKFAYMQF2;
				INFOPLIST_FILE = "gourmetsearch nortification/Info.plist";
				LD_RUNPATH_SEARCH_PATHS = (
					"$(inherited)",
					"@executable_path/Frameworks",
					"@executable_path/../../Frameworks",
				);
				PRODUCT_BUNDLE_IDENTIFIER = jp.co.penguin.gourmetsearch.dev.nortification;
				PRODUCT_NAME = "$(TARGET_NAME)";
				SKIP_INSTALL = YES;
				SWIFT_VERSION = 4.0;
				TARGETED_DEVICE_FAMILY = "1,2";
			};
			name = Debug;
		};
		46D4189F21439011006675DC /* Release */ = {
			isa = XCBuildConfiguration;
			baseConfigurationReference = 5191CC155973C142CFE2233F /* Pods-gourmetsearch nortification.release.xcconfig */;
			buildSettings = {
				CODE_SIGN_STYLE = Automatic;
				DEVELOPMENT_TEAM = LHKFAYMQF2;
				INFOPLIST_FILE = "gourmetsearch nortification/Info.plist";
				LD_RUNPATH_SEARCH_PATHS = (
					"$(inherited)",
					"@executable_path/Frameworks",
					"@executable_path/../../Frameworks",
				);
				PRODUCT_BUNDLE_IDENTIFIER = jp.co.penguin.gourmetsearch.dev.nortification;
				PRODUCT_NAME = "$(TARGET_NAME)";
				SKIP_INSTALL = YES;
				SWIFT_VERSION = 4.0;
				TARGETED_DEVICE_FAMILY = "1,2";
			};
			name = Release;
		};
/* End XCBuildConfiguration section */

/* Begin XCConfigurationList section */
		4658D2E2210DB51A00C6BA72 /* Build configuration list for PBXProject "gourmetsearch" */ = {
			isa = XCConfigurationList;
			buildConfigurations = (
				4658D302210DB51D00C6BA72 /* Debug */,
				4658D303210DB51D00C6BA72 /* Release */,
			);
			defaultConfigurationIsVisible = 0;
			defaultConfigurationName = Release;
		};
		4658D304210DB51D00C6BA72 /* Build configuration list for PBXNativeTarget "gourmetsearch" */ = {
			isa = XCConfigurationList;
			buildConfigurations = (
				4658D305210DB51D00C6BA72 /* Debug */,
				4658D306210DB51D00C6BA72 /* Release */,
			);
			defaultConfigurationIsVisible = 0;
			defaultConfigurationName = Release;
		};
		4658D307210DB51D00C6BA72 /* Build configuration list for PBXNativeTarget "gourmetsearchTests" */ = {
			isa = XCConfigurationList;
			buildConfigurations = (
				4658D308210DB51D00C6BA72 /* Debug */,
				4658D309210DB51D00C6BA72 /* Release */,
			);
			defaultConfigurationIsVisible = 0;
			defaultConfigurationName = Release;
		};
		46D4189D21439011006675DC /* Build configuration list for PBXNativeTarget "gourmetsearch nortification" */ = {
			isa = XCConfigurationList;
			buildConfigurations = (
				46D4189E21439011006675DC /* Debug */,
				46D4189F21439011006675DC /* Release */,
			);
			defaultConfigurationIsVisible = 0;
			defaultConfigurationName = Release;
		};
/* End XCConfigurationList section */
	};
	rootObject = 4658D2DF210DB51A00C6BA72 /* Project object */;
}
